
Microsoft Visual Studio Solution File, Format Version 12.00
# Visual Studio 14
VisualStudioVersion = 14.0.22021.0
MinimumVisualStudioVersion = 10.0.40219.1
Project("{CC5FD16D-436D-48AD-A40C-5A424C6E3E79}") = "drewtaCloudService6549871354", "drewtaCloudService6549871354\drewtaCloudService6549871354.ccproj", "{992DD77C-C1F8-4082-AC3F-EDA33FF333CF}"
EndProject
Project("{FAE04EC0-301F-11D3-BF4B-00C04F79EFBC}") = "WebRole1", "WebRole1\WebRole1.csproj", "{D6804D1A-9EED-4545-845B-BBBB0E7FFCF6}"
EndProject
Project("{FAE04EC0-301F-11D3-BF4B-00C04F79EFBC}") = "WorkerRole1", "WorkerRole1\WorkerRole1.csproj", "{00ADFA6F-EBC0-4AAE-BE4D-D815C9716DAE}"
EndProject
Global
	GlobalSection(SolutionConfigurationPlatforms) = preSolution
		Debug|Any CPU = Debug|Any CPU
		Release|Any CPU = Release|Any CPU
	EndGlobalSection
	GlobalSection(ProjectConfigurationPlatforms) = postSolution
		{992DD77C-C1F8-4082-AC3F-EDA33FF333CF}.Debug|Any CPU.ActiveCfg = Debug|Any CPU
		{992DD77C-C1F8-4082-AC3F-EDA33FF333CF}.Debug|Any CPU.Build.0 = Debug|Any CPU
		{992DD77C-C1F8-4082-AC3F-EDA33FF333CF}.Release|Any CPU.ActiveCfg = Release|Any CPU
		{992DD77C-C1F8-4082-AC3F-EDA33FF333CF}.Release|Any CPU.Build.0 = Release|Any CPU
		{D6804D1A-9EED-4545-845B-BBBB0E7FFCF6}.Debug|Any CPU.ActiveCfg = Debug|Any CPU
		{D6804D1A-9EED-4545-845B-BBBB0E7FFCF6}.Debug|Any CPU.Build.0 = Debug|Any CPU
		{D6804D1A-9EED-4545-845B-BBBB0E7FFCF6}.Release|Any CPU.ActiveCfg = Release|Any CPU
		{D6804D1A-9EED-4545-845B-BBBB0E7FFCF6}.Release|Any CPU.Build.0 = Release|Any CPU
		{00ADFA6F-EBC0-4AAE-BE4D-D815C9716DAE}.Debug|Any CPU.ActiveCfg = Debug|Any CPU
		{00ADFA6F-EBC0-4AAE-BE4D-D815C9716DAE}.Debug|Any CPU.Build.0 = Debug|Any CPU
		{00ADFA6F-EBC0-4AAE-BE4D-D815C9716DAE}.Release|Any CPU.ActiveCfg = Release|Any CPU
		{00ADFA6F-EBC0-4AAE-BE4D-D815C9716DAE}.Release|Any CPU.Build.0 = Release|Any CPU
	EndGlobalSection
	GlobalSection(SolutionProperties) = preSolution
		HideSolutionNode = FALSE
	EndGlobalSection
	GlobalSection(TeamFoundationVersionControl) = preSolution
		SccNumberOfProjects = 4
		SccEnterpriseProvider = {4CA58AB2-18FA-4F8D-95D4-32DDF27D184C}
		SccTeamFoundationServer = https://oct17testing.tfsbuildhost3.tfsallin.net/defaultcollection
		SccLocalPath0 = .
		SccProjectUniqueName1 = drewtaCloudService6549871354\\drewtaCloudService6549871354.ccproj
		SccProjectName1 = drewtaCloudService6549871354
		SccLocalPath1 = drewtaCloudService6549871354
		SccProjectUniqueName2 = WebRole1\\WebRole1.csproj
		SccProjectName2 = WebRole1
		SccLocalPath2 = WebRole1
		SccProjectUniqueName3 = WorkerRole1\\WorkerRole1.csproj
		SccProjectName3 = WorkerRole1
		SccLocalPath3 = WorkerRole1
	EndGlobalSection
EndGlobal
